
Microsoft Visual Studio Solution File, Format Version 12.00
# Visual Studio Version 16
VisualStudioVersion = 16.0.31605.320
MinimumVisualStudioVersion = 10.0.40219.1
Project("{9A19103F-16F7-4668-BE54-9A1E7A4F7556}") = "SearchEngineer", "SearchEngineer.csproj", "{4AA843DF-0DCA-4E61-BECE-CDD756763B07}"
EndProject
Project("{9A19103F-16F7-4668-BE54-9A1E7A4F7556}") = "SearchEngineerUtility", "..\SearchEngineerUtility\SearchEngineerUtility.csproj", "{9FCAD4A2-0473-41CA-A1E8-DD66C9B926F1}"
EndProject
Project("{9A19103F-16F7-4668-BE54-9A1E7A4F7556}") = "SearchEngineerProto", "..\SearchEngineerProto\SearchEngineerProto.csproj", "{DFD201C5-50A3-4966-9C2C-1A4166581DF3}"
EndProject
Project("{9A19103F-16F7-4668-BE54-9A1E7A4F7556}") = "SearchEngineer.Tests", "..\SearchEngineer.Tests\SearchEngineer.Tests.csproj", "{35EEFF9B-DC65-4399-8A21-F301F0096CB1}"
EndProject
Project("{9A19103F-16F7-4668-BE54-9A1E7A4F7556}") = "SearchEngineerBff", "..\SearchEngineerBff\SearchEngineerBff.csproj", "{0A9723D4-01FA-41A9-9F48-F64691648FF1}"
EndProject
Global
	GlobalSection(SolutionConfigurationPlatforms) = preSolution
		Debug|Any CPU = Debug|Any CPU
		Release|Any CPU = Release|Any CPU
	EndGlobalSection
	GlobalSection(ProjectConfigurationPlatforms) = postSolution
		{4AA843DF-0DCA-4E61-BECE-CDD756763B07}.Debug|Any CPU.ActiveCfg = Debug|Any CPU
		{4AA843DF-0DCA-4E61-BECE-CDD756763B07}.Debug|Any CPU.Build.0 = Debug|Any CPU
		{4AA843DF-0DCA-4E61-BECE-CDD756763B07}.Release|Any CPU.ActiveCfg = Release|Any CPU
		{4AA843DF-0DCA-4E61-BECE-CDD756763B07}.Release|Any CPU.Build.0 = Release|Any CPU
		{9FCAD4A2-0473-41CA-A1E8-DD66C9B926F1}.Debug|Any CPU.ActiveCfg = Debug|Any CPU
		{9FCAD4A2-0473-41CA-A1E8-DD66C9B926F1}.Debug|Any CPU.Build.0 = Debug|Any CPU
		{9FCAD4A2-0473-41CA-A1E8-DD66C9B926F1}.Release|Any CPU.ActiveCfg = Release|Any CPU
		{9FCAD4A2-0473-41CA-A1E8-DD66C9B926F1}.Release|Any CPU.Build.0 = Release|Any CPU
		{DFD201C5-50A3-4966-9C2C-1A4166581DF3}.Debug|Any CPU.ActiveCfg = Debug|Any CPU
		{DFD201C5-50A3-4966-9C2C-1A4166581DF3}.Debug|Any CPU.Build.0 = Debug|Any CPU
		{DFD201C5-50A3-4966-9C2C-1A4166581DF3}.Release|Any CPU.ActiveCfg = Release|Any CPU
		{DFD201C5-50A3-4966-9C2C-1A4166581DF3}.Release|Any CPU.Build.0 = Release|Any CPU
		{35EEFF9B-DC65-4399-8A21-F301F0096CB1}.Debug|Any CPU.ActiveCfg = Debug|Any CPU
		{35EEFF9B-DC65-4399-8A21-F301F0096CB1}.Debug|Any CPU.Build.0 = Debug|Any CPU
		{35EEFF9B-DC65-4399-8A21-F301F0096CB1}.Release|Any CPU.ActiveCfg = Release|Any CPU
		{35EEFF9B-DC65-4399-8A21-F301F0096CB1}.Release|Any CPU.Build.0 = Release|Any CPU
		{0A9723D4-01FA-41A9-9F48-F64691648FF1}.Debug|Any CPU.ActiveCfg = Debug|Any CPU
		{0A9723D4-01FA-41A9-9F48-F64691648FF1}.Debug|Any CPU.Build.0 = Debug|Any CPU
		{0A9723D4-01FA-41A9-9F48-F64691648FF1}.Release|Any CPU.ActiveCfg = Release|Any CPU
		{0A9723D4-01FA-41A9-9F48-F64691648FF1}.Release|Any CPU.Build.0 = Release|Any CPU
	EndGlobalSection
	GlobalSection(SolutionProperties) = preSolution
		HideSolutionNode = FALSE
	EndGlobalSection
	GlobalSection(ExtensibilityGlobals) = postSolution
		SolutionGuid = {BE2B50EB-98CF-42A6-B7E9-093CD2E4C838}
	EndGlobalSection
EndGlobal
